{
  "name": "example-project",
  "version": "1.0.0",
  "lockfileVersion": 3,
  "requires": true,
  "packages": {
    "/dep-a": {
      "version": "1.2.3",
      "resolved": "https://registry.npmjs.org/dep-a/-/dep-a-1.2.3.tgz",
      "integrity": "sha512-abcdefg1234567890"
    },
    "/dep-b": {
      "version": "2.0.0",
      "resolved": "https://registry.npmjs.org/dep-b/-/dep-b-2.0.0.tgz",
      "integrity": "sha512-hijklmnopqrstuvwxyz",
      "dependencies": {
        "dep-a": "^1.2.0"
      }
    }
  },
  "dependencies": {
    "dep-a": {
      "version": "1.2.3",
      "resolved": "https://registry.npmjs.org/dep-a/-/dep-a-1.2.3.tgz",
      "integrity": "sha512-abcdefg1234567890"
    },
    "dep-b": {
      "version": "2.0.0",
      "resolved": "https://registry.npmjs.org/dep-b/-/dep-b-2.0.0.tgz",
      "integrity": "sha512-hijklmnopqrstuvwxyz",
      "dependencies": {
        "dep-a": "^1.2.0"
      }
    }
  },
  "devDependencies": {
    "dev-dep-a": {
      "version": "3.4.5",
      "resolved": "https://registry.npmjs.org/dev-dep-a/-/dev-dep-a-3.4.5.tgz",
      "integrity": "sha512-1234567890abcdef"
    }
  }
}
